// !$*UTF8*$!
{
	archiveVersion = 1;
	classes = {
	};
	objectVersion = 56;
	objects = {

/* Begin PBXBuildFile section */
		3F552A652A1FD972001DB3D3 /* SwiftUI_ToDo_ListApp.swift in Sources */ = {isa = PBXBuildFile; fileRef = 3F552A642A1FD972001DB3D3 /* SwiftUI_ToDo_ListApp.swift */; };
		3F552A672A1FD972001DB3D3 /* MainView.swift in Sources */ = {isa = PBXBuildFile; fileRef = 3F552A662A1FD972001DB3D3 /* MainView.swift */; };
		3F552A692A1FD974001DB3D3 /* Assets.xcassets in Resources */ = {isa = PBXBuildFile; fileRef = 3F552A682A1FD974001DB3D3 /* Assets.xcassets */; };
		3F552A6C2A1FD974001DB3D3 /* Preview Assets.xcassets in Resources */ = {isa = PBXBuildFile; fileRef = 3F552A6B2A1FD974001DB3D3 /* Preview Assets.xcassets */; };
		3F552A762A1FD974001DB3D3 /* SwiftUI_ToDo_ListTests.swift in Sources */ = {isa = PBXBuildFile; fileRef = 3F552A752A1FD974001DB3D3 /* SwiftUI_ToDo_ListTests.swift */; };
		3F552A802A1FD974001DB3D3 /* SwiftUI_ToDo_ListUITests.swift in Sources */ = {isa = PBXBuildFile; fileRef = 3F552A7F2A1FD974001DB3D3 /* SwiftUI_ToDo_ListUITests.swift */; };
		3F552A822A1FD974001DB3D3 /* SwiftUI_ToDo_ListUITestsLaunchTests.swift in Sources */ = {isa = PBXBuildFile; fileRef = 3F552A812A1FD974001DB3D3 /* SwiftUI_ToDo_ListUITestsLaunchTests.swift */; };
		3F552A8F2A1FDA88001DB3D3 /* GoogleService-Info.plist in Resources */ = {isa = PBXBuildFile; fileRef = 3F552A8E2A1FDA87001DB3D3 /* GoogleService-Info.plist */; };
		3F552A922A1FDBD3001DB3D3 /* FirebaseAuth in Frameworks */ = {isa = PBXBuildFile; productRef = 3F552A912A1FDBD3001DB3D3 /* FirebaseAuth */; };
		3F552A942A1FDBD3001DB3D3 /* FirebaseFirestore in Frameworks */ = {isa = PBXBuildFile; productRef = 3F552A932A1FDBD3001DB3D3 /* FirebaseFirestore */; };
		3F552A962A1FDBD3001DB3D3 /* FirebaseFirestoreSwift in Frameworks */ = {isa = PBXBuildFile; productRef = 3F552A952A1FDBD3001DB3D3 /* FirebaseFirestoreSwift */; };
		3F552A9C2A1FE092001DB3D3 /* LoginView.swift in Sources */ = {isa = PBXBuildFile; fileRef = 3F552A9B2A1FE092001DB3D3 /* LoginView.swift */; };
		3F552A9E2A1FE0AD001DB3D3 /* RegisterView.swift in Sources */ = {isa = PBXBuildFile; fileRef = 3F552A9D2A1FE0AD001DB3D3 /* RegisterView.swift */; };
		3F552AA02A1FE0C3001DB3D3 /* ToDoListView.swift in Sources */ = {isa = PBXBuildFile; fileRef = 3F552A9F2A1FE0C3001DB3D3 /* ToDoListView.swift */; };
		3F552AA22A1FE0D1001DB3D3 /* ToDoListItemView.swift in Sources */ = {isa = PBXBuildFile; fileRef = 3F552AA12A1FE0D1001DB3D3 /* ToDoListItemView.swift */; };
		3F552AA42A1FE0E7001DB3D3 /* NewItemView.swift in Sources */ = {isa = PBXBuildFile; fileRef = 3F552AA32A1FE0E7001DB3D3 /* NewItemView.swift */; };
		3F552AA62A1FE0F2001DB3D3 /* ProfileView.swift in Sources */ = {isa = PBXBuildFile; fileRef = 3F552AA52A1FE0F2001DB3D3 /* ProfileView.swift */; };
		3F552AA82A1FE11B001DB3D3 /* User.swift in Sources */ = {isa = PBXBuildFile; fileRef = 3F552AA72A1FE11B001DB3D3 /* User.swift */; };
		3F552AAA2A1FE131001DB3D3 /* ToDoListItem.swift in Sources */ = {isa = PBXBuildFile; fileRef = 3F552AA92A1FE131001DB3D3 /* ToDoListItem.swift */; };
		3F552AAC2A1FE1D0001DB3D3 /* MainViewModel.swift in Sources */ = {isa = PBXBuildFile; fileRef = 3F552AAB2A1FE1D0001DB3D3 /* MainViewModel.swift */; };
		3F552AAE2A1FE1DB001DB3D3 /* LoginViewModel.swift in Sources */ = {isa = PBXBuildFile; fileRef = 3F552AAD2A1FE1DB001DB3D3 /* LoginViewModel.swift */; };
		3F552AB02A1FE1E7001DB3D3 /* RegisterViewModel.swift in Sources */ = {isa = PBXBuildFile; fileRef = 3F552AAF2A1FE1E7001DB3D3 /* RegisterViewModel.swift */; };
		3F552AB22A1FE1FA001DB3D3 /* ToDoListViewModel.swift in Sources */ = {isa = PBXBuildFile; fileRef = 3F552AB12A1FE1FA001DB3D3 /* ToDoListViewModel.swift */; };
		3F552AB42A1FE20A001DB3D3 /* ToDoListItemViewModel.swift in Sources */ = {isa = PBXBuildFile; fileRef = 3F552AB32A1FE20A001DB3D3 /* ToDoListItemViewModel.swift */; };
		3F552AB62A1FE21C001DB3D3 /* NewItemViewModel.swift in Sources */ = {isa = PBXBuildFile; fileRef = 3F552AB52A1FE21C001DB3D3 /* NewItemViewModel.swift */; };
		3F552AB82A1FE227001DB3D3 /* ProfileViewModel.swift in Sources */ = {isa = PBXBuildFile; fileRef = 3F552AB72A1FE227001DB3D3 /* ProfileViewModel.swift */; };
/* End PBXBuildFile section */

/* Begin PBXContainerItemProxy section */
		3F552A722A1FD974001DB3D3 /* PBXContainerItemProxy */ = {
			isa = PBXContainerItemProxy;
			containerPortal = 3F552A592A1FD972001DB3D3 /* Project object */;
			proxyType = 1;
			remoteGlobalIDString = 3F552A602A1FD972001DB3D3;
			remoteInfo = "SwiftUI ToDo List";
		};
		3F552A7C2A1FD974001DB3D3 /* PBXContainerItemProxy */ = {
			isa = PBXContainerItemProxy;
			containerPortal = 3F552A592A1FD972001DB3D3 /* Project object */;
			proxyType = 1;
			remoteGlobalIDString = 3F552A602A1FD972001DB3D3;
			remoteInfo = "SwiftUI ToDo List";
		};
/* End PBXContainerItemProxy section */

/* Begin PBXFileReference section */
		3F552A612A1FD972001DB3D3 /* SwiftUI ToDo List.app */ = {isa = PBXFileReference; explicitFileType = wrapper.application; includeInIndex = 0; path = "SwiftUI ToDo List.app"; sourceTree = BUILT_PRODUCTS_DIR; };
		3F552A642A1FD972001DB3D3 /* SwiftUI_ToDo_ListApp.swift */ = {isa = PBXFileReference; lastKnownFileType = sourcecode.swift; path = SwiftUI_ToDo_ListApp.swift; sourceTree = "<group>"; };
		3F552A662A1FD972001DB3D3 /* MainView.swift */ = {isa = PBXFileReference; lastKnownFileType = sourcecode.swift; path = MainView.swift; sourceTree = "<group>"; };
		3F552A682A1FD974001DB3D3 /* Assets.xcassets */ = {isa = PBXFileReference; lastKnownFileType = folder.assetcatalog; path = Assets.xcassets; sourceTree = "<group>"; };
		3F552A6B2A1FD974001DB3D3 /* Preview Assets.xcassets */ = {isa = PBXFileReference; lastKnownFileType = folder.assetcatalog; path = "Preview Assets.xcassets"; sourceTree = "<group>"; };
		3F552A712A1FD974001DB3D3 /* SwiftUI ToDo ListTests.xctest */ = {isa = PBXFileReference; explicitFileType = wrapper.cfbundle; includeInIndex = 0; path = "SwiftUI ToDo ListTests.xctest"; sourceTree = BUILT_PRODUCTS_DIR; };
		3F552A752A1FD974001DB3D3 /* SwiftUI_ToDo_ListTests.swift */ = {isa = PBXFileReference; lastKnownFileType = sourcecode.swift; path = SwiftUI_ToDo_ListTests.swift; sourceTree = "<group>"; };
		3F552A7B2A1FD974001DB3D3 /* SwiftUI ToDo ListUITests.xctest */ = {isa = PBXFileReference; explicitFileType = wrapper.cfbundle; includeInIndex = 0; path = "SwiftUI ToDo ListUITests.xctest"; sourceTree = BUILT_PRODUCTS_DIR; };
		3F552A7F2A1FD974001DB3D3 /* SwiftUI_ToDo_ListUITests.swift */ = {isa = PBXFileReference; lastKnownFileType = sourcecode.swift; path = SwiftUI_ToDo_ListUITests.swift; sourceTree = "<group>"; };
		3F552A812A1FD974001DB3D3 /* SwiftUI_ToDo_ListUITestsLaunchTests.swift */ = {isa = PBXFileReference; lastKnownFileType = sourcecode.swift; path = SwiftUI_ToDo_ListUITestsLaunchTests.swift; sourceTree = "<group>"; };
		3F552A8E2A1FDA87001DB3D3 /* GoogleService-Info.plist */ = {isa = PBXFileReference; fileEncoding = 4; lastKnownFileType = text.plist.xml; path = "GoogleService-Info.plist"; sourceTree = "<group>"; };
		3F552A9B2A1FE092001DB3D3 /* LoginView.swift */ = {isa = PBXFileReference; lastKnownFileType = sourcecode.swift; path = LoginView.swift; sourceTree = "<group>"; };
		3F552A9D2A1FE0AD001DB3D3 /* RegisterView.swift */ = {isa = PBXFileReference; lastKnownFileType = sourcecode.swift; path = RegisterView.swift; sourceTree = "<group>"; };
		3F552A9F2A1FE0C3001DB3D3 /* ToDoListView.swift */ = {isa = PBXFileReference; lastKnownFileType = sourcecode.swift; path = ToDoListView.swift; sourceTree = "<group>"; };
		3F552AA12A1FE0D1001DB3D3 /* ToDoListItemView.swift */ = {isa = PBXFileReference; lastKnownFileType = sourcecode.swift; path = ToDoListItemView.swift; sourceTree = "<group>"; };
		3F552AA32A1FE0E7001DB3D3 /* NewItemView.swift */ = {isa = PBXFileReference; lastKnownFileType = sourcecode.swift; path = NewItemView.swift; sourceTree = "<group>"; };
		3F552AA52A1FE0F2001DB3D3 /* ProfileView.swift */ = {isa = PBXFileReference; lastKnownFileType = sourcecode.swift; path = ProfileView.swift; sourceTree = "<group>"; };
		3F552AA72A1FE11B001DB3D3 /* User.swift */ = {isa = PBXFileReference; lastKnownFileType = sourcecode.swift; path = User.swift; sourceTree = "<group>"; };
		3F552AA92A1FE131001DB3D3 /* ToDoListItem.swift */ = {isa = PBXFileReference; lastKnownFileType = sourcecode.swift; path = ToDoListItem.swift; sourceTree = "<group>"; };
		3F552AAB2A1FE1D0001DB3D3 /* MainViewModel.swift */ = {isa = PBXFileReference; lastKnownFileType = sourcecode.swift; path = MainViewModel.swift; sourceTree = "<group>"; };
		3F552AAD2A1FE1DB001DB3D3 /* LoginViewModel.swift */ = {isa = PBXFileReference; lastKnownFileType = sourcecode.swift; path = LoginViewModel.swift; sourceTree = "<group>"; };
		3F552AAF2A1FE1E7001DB3D3 /* RegisterViewModel.swift */ = {isa = PBXFileReference; lastKnownFileType = sourcecode.swift; path = RegisterViewModel.swift; sourceTree = "<group>"; };
		3F552AB12A1FE1FA001DB3D3 /* ToDoListViewModel.swift */ = {isa = PBXFileReference; lastKnownFileType = sourcecode.swift; path = ToDoListViewModel.swift; sourceTree = "<group>"; };
		3F552AB32A1FE20A001DB3D3 /* ToDoListItemViewModel.swift */ = {isa = PBXFileReference; lastKnownFileType = sourcecode.swift; path = ToDoListItemViewModel.swift; sourceTree = "<group>"; };
		3F552AB52A1FE21C001DB3D3 /* NewItemViewModel.swift */ = {isa = PBXFileReference; lastKnownFileType = sourcecode.swift; path = NewItemViewModel.swift; sourceTree = "<group>"; };
		3F552AB72A1FE227001DB3D3 /* ProfileViewModel.swift */ = {isa = PBXFileReference; lastKnownFileType = sourcecode.swift; path = ProfileViewModel.swift; sourceTree = "<group>"; };
/* End PBXFileReference section */

/* Begin PBXFrameworksBuildPhase section */
		3F552A5E2A1FD972001DB3D3 /* Frameworks */ = {
			isa = PBXFrameworksBuildPhase;
			buildActionMask = 2147483647;
			files = (
				3F552A922A1FDBD3001DB3D3 /* FirebaseAuth in Frameworks */,
				3F552A942A1FDBD3001DB3D3 /* FirebaseFirestore in Frameworks */,
				3F552A962A1FDBD3001DB3D3 /* FirebaseFirestoreSwift in Frameworks */,
			);
			runOnlyForDeploymentPostprocessing = 0;
		};
		3F552A6E2A1FD974001DB3D3 /* Frameworks */ = {
			isa = PBXFrameworksBuildPhase;
			buildActionMask = 2147483647;
			files = (
			);
			runOnlyForDeploymentPostprocessing = 0;
		};
		3F552A782A1FD974001DB3D3 /* Frameworks */ = {
			isa = PBXFrameworksBuildPhase;
			buildActionMask = 2147483647;
			files = (
			);
			runOnlyForDeploymentPostprocessing = 0;
		};
/* End PBXFrameworksBuildPhase section */

/* Begin PBXGroup section */
		3F552A582A1FD972001DB3D3 = {
			isa = PBXGroup;
			children = (
				3F552A632A1FD972001DB3D3 /* SwiftUI ToDo List */,
				3F552A742A1FD974001DB3D3 /* SwiftUI ToDo ListTests */,
				3F552A7E2A1FD974001DB3D3 /* SwiftUI ToDo ListUITests */,
				3F552A622A1FD972001DB3D3 /* Products */,
			);
			sourceTree = "<group>";
		};
		3F552A622A1FD972001DB3D3 /* Products */ = {
			isa = PBXGroup;
			children = (
				3F552A612A1FD972001DB3D3 /* SwiftUI ToDo List.app */,
				3F552A712A1FD974001DB3D3 /* SwiftUI ToDo ListTests.xctest */,
				3F552A7B2A1FD974001DB3D3 /* SwiftUI ToDo ListUITests.xctest */,
			);
			name = Products;
			sourceTree = "<group>";
		};
		3F552A632A1FD972001DB3D3 /* SwiftUI ToDo List */ = {
			isa = PBXGroup;
			children = (
				3F552A8E2A1FDA87001DB3D3 /* GoogleService-Info.plist */,
				3F552A642A1FD972001DB3D3 /* SwiftUI_ToDo_ListApp.swift */,
				3F552A9A2A1FDEB6001DB3D3 /* Other */,
				3F552A992A1FDEAC001DB3D3 /* Models */,
				3F552A982A1FDE9E001DB3D3 /* ViewModels */,
				3F552A972A1FDE88001DB3D3 /* Views */,
				3F552A6A2A1FD974001DB3D3 /* Preview Content */,
			);
			path = "SwiftUI ToDo List";
			sourceTree = "<group>";
		};
		3F552A6A2A1FD974001DB3D3 /* Preview Content */ = {
			isa = PBXGroup;
			children = (
				3F552A6B2A1FD974001DB3D3 /* Preview Assets.xcassets */,
			);
			path = "Preview Content";
			sourceTree = "<group>";
		};
		3F552A742A1FD974001DB3D3 /* SwiftUI ToDo ListTests */ = {
			isa = PBXGroup;
			children = (
				3F552A752A1FD974001DB3D3 /* SwiftUI_ToDo_ListTests.swift */,
			);
			path = "SwiftUI ToDo ListTests";
			sourceTree = "<group>";
		};
		3F552A7E2A1FD974001DB3D3 /* SwiftUI ToDo ListUITests */ = {
			isa = PBXGroup;
			children = (
				3F552A7F2A1FD974001DB3D3 /* SwiftUI_ToDo_ListUITests.swift */,
				3F552A812A1FD974001DB3D3 /* SwiftUI_ToDo_ListUITestsLaunchTests.swift */,
			);
			path = "SwiftUI ToDo ListUITests";
			sourceTree = "<group>";
		};
		3F552A972A1FDE88001DB3D3 /* Views */ = {
			isa = PBXGroup;
			children = (
				3F552A662A1FD972001DB3D3 /* MainView.swift */,
				3F552A9B2A1FE092001DB3D3 /* LoginView.swift */,
				3F552A9D2A1FE0AD001DB3D3 /* RegisterView.swift */,
				3F552A9F2A1FE0C3001DB3D3 /* ToDoListView.swift */,
				3F552AA12A1FE0D1001DB3D3 /* ToDoListItemView.swift */,
				3F552AA32A1FE0E7001DB3D3 /* NewItemView.swift */,
				3F552AA52A1FE0F2001DB3D3 /* ProfileView.swift */,
			);
			path = Views;
			sourceTree = "<group>";
		};
		3F552A982A1FDE9E001DB3D3 /* ViewModels */ = {
			isa = PBXGroup;
			children = (
				3F552AAB2A1FE1D0001DB3D3 /* MainViewModel.swift */,
				3F552AAD2A1FE1DB001DB3D3 /* LoginViewModel.swift */,
				3F552AAF2A1FE1E7001DB3D3 /* RegisterViewModel.swift */,
				3F552AB12A1FE1FA001DB3D3 /* ToDoListViewModel.swift */,
				3F552AB32A1FE20A001DB3D3 /* ToDoListItemViewModel.swift */,
				3F552AB52A1FE21C001DB3D3 /* NewItemViewModel.swift */,
				3F552AB72A1FE227001DB3D3 /* ProfileViewModel.swift */,
			);
			path = ViewModels;
			sourceTree = "<group>";
		};
		3F552A992A1FDEAC001DB3D3 /* Models */ = {
			isa = PBXGroup;
			children = (
				3F552AA72A1FE11B001DB3D3 /* User.swift */,
				3F552AA92A1FE131001DB3D3 /* ToDoListItem.swift */,
			);
			path = Models;
			sourceTree = "<group>";
		};
		3F552A9A2A1FDEB6001DB3D3 /* Other */ = {
			isa = PBXGroup;
			children = (
				3F552A682A1FD974001DB3D3 /* Assets.xcassets */,
			);
			path = Other;
			sourceTree = "<group>";
		};
/* End PBXGroup section */

/* Begin PBXNativeTarget section */
		3F552A602A1FD972001DB3D3 /* SwiftUI ToDo List */ = {
			isa = PBXNativeTarget;
			buildConfigurationList = 3F552A852A1FD974001DB3D3 /* Build configuration list for PBXNativeTarget "SwiftUI ToDo List" */;
			buildPhases = (
				3F552A5D2A1FD972001DB3D3 /* Sources */,
				3F552A5E2A1FD972001DB3D3 /* Frameworks */,
				3F552A5F2A1FD972001DB3D3 /* Resources */,
			);
			buildRules = (
			);
			dependencies = (
			);
			name = "SwiftUI ToDo List";
			packageProductDependencies = (
				3F552A912A1FDBD3001DB3D3 /* FirebaseAuth */,
				3F552A932A1FDBD3001DB3D3 /* FirebaseFirestore */,
				3F552A952A1FDBD3001DB3D3 /* FirebaseFirestoreSwift */,
			);
			productName = "SwiftUI ToDo List";
			productReference = 3F552A612A1FD972001DB3D3 /* SwiftUI ToDo List.app */;
			productType = "com.apple.product-type.application";
		};
		3F552A702A1FD974001DB3D3 /* SwiftUI ToDo ListTests */ = {
			isa = PBXNativeTarget;
			buildConfigurationList = 3F552A882A1FD974001DB3D3 /* Build configuration list for PBXNativeTarget "SwiftUI ToDo ListTests" */;
			buildPhases = (
				3F552A6D2A1FD974001DB3D3 /* Sources */,
				3F552A6E2A1FD974001DB3D3 /* Frameworks */,
				3F552A6F2A1FD974001DB3D3 /* Resources */,
			);
			buildRules = (
			);
			dependencies = (
				3F552A732A1FD974001DB3D3 /* PBXTargetDependency */,
			);
			name = "SwiftUI ToDo ListTests";
			productName = "SwiftUI ToDo ListTests";
			productReference = 3F552A712A1FD974001DB3D3 /* SwiftUI ToDo ListTests.xctest */;
			productType = "com.apple.product-type.bundle.unit-test";
		};
		3F552A7A2A1FD974001DB3D3 /* SwiftUI ToDo ListUITests */ = {
			isa = PBXNativeTarget;
			buildConfigurationList = 3F552A8B2A1FD974001DB3D3 /* Build configuration list for PBXNativeTarget "SwiftUI ToDo ListUITests" */;
			buildPhases = (
				3F552A772A1FD974001DB3D3 /* Sources */,
				3F552A782A1FD974001DB3D3 /* Frameworks */,
				3F552A792A1FD974001DB3D3 /* Resources */,
			);
			buildRules = (
			);
			dependencies = (
				3F552A7D2A1FD974001DB3D3 /* PBXTargetDependency */,
			);
			name = "SwiftUI ToDo ListUITests";
			productName = "SwiftUI ToDo ListUITests";
			productReference = 3F552A7B2A1FD974001DB3D3 /* SwiftUI ToDo ListUITests.xctest */;
			productType = "com.apple.product-type.bundle.ui-testing";
		};
/* End PBXNativeTarget section */

/* Begin PBXProject section */
		3F552A592A1FD972001DB3D3 /* Project object */ = {
			isa = PBXProject;
			attributes = {
				BuildIndependentTargetsInParallel = 1;
				LastSwiftUpdateCheck = 1410;
				LastUpgradeCheck = 1410;
				TargetAttributes = {
					3F552A602A1FD972001DB3D3 = {
						CreatedOnToolsVersion = 14.1;
					};
					3F552A702A1FD974001DB3D3 = {
						CreatedOnToolsVersion = 14.1;
						TestTargetID = 3F552A602A1FD972001DB3D3;
					};
					3F552A7A2A1FD974001DB3D3 = {
						CreatedOnToolsVersion = 14.1;
						TestTargetID = 3F552A602A1FD972001DB3D3;
					};
				};
			};
			buildConfigurationList = 3F552A5C2A1FD972001DB3D3 /* Build configuration list for PBXProject "SwiftUI ToDo List" */;
			compatibilityVersion = "Xcode 14.0";
			developmentRegion = en;
			hasScannedForEncodings = 0;
			knownRegions = (
				en,
				Base,
			);
			mainGroup = 3F552A582A1FD972001DB3D3;
			packageReferences = (
				3F552A902A1FDBD3001DB3D3 /* XCRemoteSwiftPackageReference "firebase-ios-sdk" */,
			);
			productRefGroup = 3F552A622A1FD972001DB3D3 /* Products */;
			projectDirPath = "";
			projectRoot = "";
			targets = (
				3F552A602A1FD972001DB3D3 /* SwiftUI ToDo List */,
				3F552A702A1FD974001DB3D3 /* SwiftUI ToDo ListTests */,
				3F552A7A2A1FD974001DB3D3 /* SwiftUI ToDo ListUITests */,
			);
		};
/* End PBXProject section */

/* Begin PBXResourcesBuildPhase section */
		3F552A5F2A1FD972001DB3D3 /* Resources */ = {
			isa = PBXResourcesBuildPhase;
			buildActionMask = 2147483647;
			files = (
				3F552A6C2A1FD974001DB3D3 /* Preview Assets.xcassets in Resources */,
				3F552A692A1FD974001DB3D3 /* Assets.xcassets in Resources */,
				3F552A8F2A1FDA88001DB3D3 /* GoogleService-Info.plist in Resources */,
			);
			runOnlyForDeploymentPostprocessing = 0;
		};
		3F552A6F2A1FD974001DB3D3 /* Resources */ = {
			isa = PBXResourcesBuildPhase;
			buildActionMask = 2147483647;
			files = (
			);
			runOnlyForDeploymentPostprocessing = 0;
		};
		3F552A792A1FD974001DB3D3 /* Resources */ = {
			isa = PBXResourcesBuildPhase;
			buildActionMask = 2147483647;
			files = (
			);
			runOnlyForDeploymentPostprocessing = 0;
		};
/* End PBXResourcesBuildPhase section */

/* Begin PBXSourcesBuildPhase section */
		3F552A5D2A1FD972001DB3D3 /* Sources */ = {
			isa = PBXSourcesBuildPhase;
			buildActionMask = 2147483647;
			files = (
				3F552AB22A1FE1FA001DB3D3 /* ToDoListViewModel.swift in Sources */,
				3F552AA62A1FE0F2001DB3D3 /* ProfileView.swift in Sources */,
				3F552A9C2A1FE092001DB3D3 /* LoginView.swift in Sources */,
				3F552AA22A1FE0D1001DB3D3 /* ToDoListItemView.swift in Sources */,
				3F552AA42A1FE0E7001DB3D3 /* NewItemView.swift in Sources */,
				3F552A9E2A1FE0AD001DB3D3 /* RegisterView.swift in Sources */,
				3F552AB62A1FE21C001DB3D3 /* NewItemViewModel.swift in Sources */,
				3F552AA82A1FE11B001DB3D3 /* User.swift in Sources */,
				3F552A672A1FD972001DB3D3 /* MainView.swift in Sources */,
				3F552A652A1FD972001DB3D3 /* SwiftUI_ToDo_ListApp.swift in Sources */,
				3F552AB02A1FE1E7001DB3D3 /* RegisterViewModel.swift in Sources */,
				3F552AB42A1FE20A001DB3D3 /* ToDoListItemViewModel.swift in Sources */,
				3F552AAE2A1FE1DB001DB3D3 /* LoginViewModel.swift in Sources */,
				3F552AB82A1FE227001DB3D3 /* ProfileViewModel.swift in Sources */,
				3F552AAA2A1FE131001DB3D3 /* ToDoListItem.swift in Sources */,
				3F552AA02A1FE0C3001DB3D3 /* ToDoListView.swift in Sources */,
				3F552AAC2A1FE1D0001DB3D3 /* MainViewModel.swift in Sources */,
			);
			runOnlyForDeploymentPostprocessing = 0;
		};
		3F552A6D2A1FD974001DB3D3 /* Sources */ = {
			isa = PBXSourcesBuildPhase;
			buildActionMask = 2147483647;
			files = (
				3F552A762A1FD974001DB3D3 /* SwiftUI_ToDo_ListTests.swift in Sources */,
			);
			runOnlyForDeploymentPostprocessing = 0;
		};
		3F552A772A1FD974001DB3D3 /* Sources */ = {
			isa = PBXSourcesBuildPhase;
			buildActionMask = 2147483647;
			files = (
				3F552A822A1FD974001DB3D3 /* SwiftUI_ToDo_ListUITestsLaunchTests.swift in Sources */,
				3F552A802A1FD974001DB3D3 /* SwiftUI_ToDo_ListUITests.swift in Sources */,
			);
			runOnlyForDeploymentPostprocessing = 0;
		};
/* End PBXSourcesBuildPhase section */

/* Begin PBXTargetDependency section */
		3F552A732A1FD974001DB3D3 /* PBXTargetDependency */ = {
			isa = PBXTargetDependency;
			target = 3F552A602A1FD972001DB3D3 /* SwiftUI ToDo List */;
			targetProxy = 3F552A722A1FD974001DB3D3 /* PBXContainerItemProxy */;
		};
		3F552A7D2A1FD974001DB3D3 /* PBXTargetDependency */ = {
			isa = PBXTargetDependency;
			target = 3F552A602A1FD972001DB3D3 /* SwiftUI ToDo List */;
			targetProxy = 3F552A7C2A1FD974001DB3D3 /* PBXContainerItemProxy */;
		};
/* End PBXTargetDependency section */

/* Begin XCBuildConfiguration section */
		3F552A832A1FD974001DB3D3 /* Debug */ = {
			isa = XCBuildConfiguration;
			buildSettings = {
				ALWAYS_SEARCH_USER_PATHS = NO;
				CLANG_ANALYZER_NONNULL = YES;
				CLANG_ANALYZER_NUMBER_OBJECT_CONVERSION = YES_AGGRESSIVE;
				CLANG_CXX_LANGUAGE_STANDARD = "gnu++20";
				CLANG_ENABLE_MODULES = YES;
				CLANG_ENABLE_OBJC_ARC = YES;
				CLANG_ENABLE_OBJC_WEAK = YES;
				CLANG_WARN_BLOCK_CAPTURE_AUTORELEASING = YES;
				CLANG_WARN_BOOL_CONVERSION = YES;
				CLANG_WARN_COMMA = YES;
				CLANG_WARN_CONSTANT_CONVERSION = YES;
				CLANG_WARN_DEPRECATED_OBJC_IMPLEMENTATIONS = YES;
				CLANG_WARN_DIRECT_OBJC_ISA_USAGE = YES_ERROR;
				CLANG_WARN_DOCUMENTATION_COMMENTS = YES;
				CLANG_WARN_EMPTY_BODY = YES;
				CLANG_WARN_ENUM_CONVERSION = YES;
				CLANG_WARN_INFINITE_RECURSION = YES;
				CLANG_WARN_INT_CONVERSION = YES;
				CLANG_WARN_NON_LITERAL_NULL_CONVERSION = YES;
				CLANG_WARN_OBJC_IMPLICIT_RETAIN_SELF = YES;
				CLANG_WARN_OBJC_LITERAL_CONVERSION = YES;
				CLANG_WARN_OBJC_ROOT_CLASS = YES_ERROR;
				CLANG_WARN_QUOTED_INCLUDE_IN_FRAMEWORK_HEADER = YES;
				CLANG_WARN_RANGE_LOOP_ANALYSIS = YES;
				CLANG_WARN_STRICT_PROTOTYPES = YES;
				CLANG_WARN_SUSPICIOUS_MOVE = YES;
				CLANG_WARN_UNGUARDED_AVAILABILITY = YES_AGGRESSIVE;
				CLANG_WARN_UNREACHABLE_CODE = YES;
				CLANG_WARN__DUPLICATE_METHOD_MATCH = YES;
				COPY_PHASE_STRIP = NO;
				DEBUG_INFORMATION_FORMAT = dwarf;
				ENABLE_STRICT_OBJC_MSGSEND = YES;
				ENABLE_TESTABILITY = YES;
				GCC_C_LANGUAGE_STANDARD = gnu11;
				GCC_DYNAMIC_NO_PIC = NO;
				GCC_NO_COMMON_BLOCKS = YES;
				GCC_OPTIMIZATION_LEVEL = 0;
				GCC_PREPROCESSOR_DEFINITIONS = (
					"DEBUG=1",
					"$(inherited)",
				);
				GCC_WARN_64_TO_32_BIT_CONVERSION = YES;
				GCC_WARN_ABOUT_RETURN_TYPE = YES_ERROR;
				GCC_WARN_UNDECLARED_SELECTOR = YES;
				GCC_WARN_UNINITIALIZED_AUTOS = YES_AGGRESSIVE;
				GCC_WARN_UNUSED_FUNCTION = YES;
				GCC_WARN_UNUSED_VARIABLE = YES;
				IPHONEOS_DEPLOYMENT_TARGET = 16.1;
				MTL_ENABLE_DEBUG_INFO = INCLUDE_SOURCE;
				MTL_FAST_MATH = YES;
				ONLY_ACTIVE_ARCH = YES;
				SDKROOT = iphoneos;
				SWIFT_ACTIVE_COMPILATION_CONDITIONS = DEBUG;
				SWIFT_OPTIMIZATION_LEVEL = "-Onone";
			};
			name = Debug;
		};
		3F552A842A1FD974001DB3D3 /* Release */ = {
			isa = XCBuildConfiguration;
			buildSettings = {
				ALWAYS_SEARCH_USER_PATHS = NO;
				CLANG_ANALYZER_NONNULL = YES;
				CLANG_ANALYZER_NUMBER_OBJECT_CONVERSION = YES_AGGRESSIVE;
				CLANG_CXX_LANGUAGE_STANDARD = "gnu++20";
				CLANG_ENABLE_MODULES = YES;
				CLANG_ENABLE_OBJC_ARC = YES;
				CLANG_ENABLE_OBJC_WEAK = YES;
				CLANG_WARN_BLOCK_CAPTURE_AUTORELEASING = YES;
				CLANG_WARN_BOOL_CONVERSION = YES;
				CLANG_WARN_COMMA = YES;
				CLANG_WARN_CONSTANT_CONVERSION = YES;
				CLANG_WARN_DEPRECATED_OBJC_IMPLEMENTATIONS = YES;
				CLANG_WARN_DIRECT_OBJC_ISA_USAGE = YES_ERROR;
				CLANG_WARN_DOCUMENTATION_COMMENTS = YES;
				CLANG_WARN_EMPTY_BODY = YES;
				CLANG_WARN_ENUM_CONVERSION = YES;
				CLANG_WARN_INFINITE_RECURSION = YES;
				CLANG_WARN_INT_CONVERSION = YES;
				CLANG_WARN_NON_LITERAL_NULL_CONVERSION = YES;
				CLANG_WARN_OBJC_IMPLICIT_RETAIN_SELF = YES;
				CLANG_WARN_OBJC_LITERAL_CONVERSION = YES;
				CLANG_WARN_OBJC_ROOT_CLASS = YES_ERROR;
				CLANG_WARN_QUOTED_INCLUDE_IN_FRAMEWORK_HEADER = YES;
				CLANG_WARN_RANGE_LOOP_ANALYSIS = YES;
				CLANG_WARN_STRICT_PROTOTYPES = YES;
				CLANG_WARN_SUSPICIOUS_MOVE = YES;
				CLANG_WARN_UNGUARDED_AVAILABILITY = YES_AGGRESSIVE;
				CLANG_WARN_UNREACHABLE_CODE = YES;
				CLANG_WARN__DUPLICATE_METHOD_MATCH = YES;
				COPY_PHASE_STRIP = NO;
				DEBUG_INFORMATION_FORMAT = "dwarf-with-dsym";
				ENABLE_NS_ASSERTIONS = NO;
				ENABLE_STRICT_OBJC_MSGSEND = YES;
				GCC_C_LANGUAGE_STANDARD = gnu11;
				GCC_NO_COMMON_BLOCKS = YES;
				GCC_WARN_64_TO_32_BIT_CONVERSION = YES;
				GCC_WARN_ABOUT_RETURN_TYPE = YES_ERROR;
				GCC_WARN_UNDECLARED_SELECTOR = YES;
				GCC_WARN_UNINITIALIZED_AUTOS = YES_AGGRESSIVE;
				GCC_WARN_UNUSED_FUNCTION = YES;
				GCC_WARN_UNUSED_VARIABLE = YES;
				IPHONEOS_DEPLOYMENT_TARGET = 16.1;
				MTL_ENABLE_DEBUG_INFO = NO;
				MTL_FAST_MATH = YES;
				SDKROOT = iphoneos;
				SWIFT_COMPILATION_MODE = wholemodule;
				SWIFT_OPTIMIZATION_LEVEL = "-O";
				VALIDATE_PRODUCT = YES;
			};
			name = Release;
		};
		3F552A862A1FD974001DB3D3 /* Debug */ = {
			isa = XCBuildConfiguration;
			buildSettings = {
				ASSETCATALOG_COMPILER_APPICON_NAME = AppIcon;
				ASSETCATALOG_COMPILER_GLOBAL_ACCENT_COLOR_NAME = AccentColor;
				CODE_SIGN_STYLE = Automatic;
				CURRENT_PROJECT_VERSION = 1;
				DEVELOPMENT_ASSET_PATHS = "\"SwiftUI ToDo List/Preview Content\"";
				ENABLE_PREVIEWS = YES;
				GENERATE_INFOPLIST_FILE = YES;
				INFOPLIST_KEY_CFBundleDisplayName = "ToDo List";
				INFOPLIST_KEY_UIApplicationSceneManifest_Generation = YES;
				INFOPLIST_KEY_UIApplicationSupportsIndirectInputEvents = YES;
				INFOPLIST_KEY_UILaunchScreen_Generation = YES;
				INFOPLIST_KEY_UISupportedInterfaceOrientations = UIInterfaceOrientationPortrait;
				LD_RUNPATH_SEARCH_PATHS = (
					"$(inherited)",
					"@executable_path/Frameworks",
				);
				MARKETING_VERSION = 1.0;
				PRODUCT_BUNDLE_IDENTIFIER = "demo.SwiftUI-ToDo-List";
				PRODUCT_NAME = "$(TARGET_NAME)";
				SWIFT_EMIT_LOC_STRINGS = YES;
				SWIFT_VERSION = 5.0;
				TARGETED_DEVICE_FAMILY = "1,2";
			};
			name = Debug;
		};
		3F552A872A1FD974001DB3D3 /* Release */ = {
			isa = XCBuildConfiguration;
			buildSettings = {
				ASSETCATALOG_COMPILER_APPICON_NAME = AppIcon;
				ASSETCATALOG_COMPILER_GLOBAL_ACCENT_COLOR_NAME = AccentColor;
				CODE_SIGN_STYLE = Automatic;
				CURRENT_PROJECT_VERSION = 1;
				DEVELOPMENT_ASSET_PATHS = "\"SwiftUI ToDo List/Preview Content\"";
				ENABLE_PREVIEWS = YES;
				GENERATE_INFOPLIST_FILE = YES;
				INFOPLIST_KEY_CFBundleDisplayName = "ToDo List";
				INFOPLIST_KEY_UIApplicationSceneManifest_Generation = YES;
				INFOPLIST_KEY_UIApplicationSupportsIndirectInputEvents = YES;
				INFOPLIST_KEY_UILaunchScreen_Generation = YES;
				INFOPLIST_KEY_UISupportedInterfaceOrientations = UIInterfaceOrientationPortrait;
				LD_RUNPATH_SEARCH_PATHS = (
					"$(inherited)",
					"@executable_path/Frameworks",
				);
				MARKETING_VERSION = 1.0;
				PRODUCT_BUNDLE_IDENTIFIER = "demo.SwiftUI-ToDo-List";
				PRODUCT_NAME = "$(TARGET_NAME)";
				SWIFT_EMIT_LOC_STRINGS = YES;
				SWIFT_VERSION = 5.0;
				TARGETED_DEVICE_FAMILY = "1,2";
			};
			name = Release;
		};
		3F552A892A1FD974001DB3D3 /* Debug */ = {
			isa = XCBuildConfiguration;
			buildSettings = {
				ALWAYS_EMBED_SWIFT_STANDARD_LIBRARIES = YES;
				BUNDLE_LOADER = "$(TEST_HOST)";
				CODE_SIGN_STYLE = Automatic;
				CURRENT_PROJECT_VERSION = 1;
				GENERATE_INFOPLIST_FILE = YES;
				IPHONEOS_DEPLOYMENT_TARGET = 16.1;
				MARKETING_VERSION = 1.0;
				PRODUCT_BUNDLE_IDENTIFIER = "demo.SwiftUI-ToDo-ListTests";
				PRODUCT_NAME = "$(TARGET_NAME)";
				SWIFT_EMIT_LOC_STRINGS = NO;
				SWIFT_VERSION = 5.0;
				TARGETED_DEVICE_FAMILY = "1,2";
				TEST_HOST = "$(BUILT_PRODUCTS_DIR)/SwiftUI ToDo List.app/$(BUNDLE_EXECUTABLE_FOLDER_PATH)/SwiftUI ToDo List";
			};
			name = Debug;
		};
		3F552A8A2A1FD974001DB3D3 /* Release */ = {
			isa = XCBuildConfiguration;
			buildSettings = {
				ALWAYS_EMBED_SWIFT_STANDARD_LIBRARIES = YES;
				BUNDLE_LOADER = "$(TEST_HOST)";
				CODE_SIGN_STYLE = Automatic;
				CURRENT_PROJECT_VERSION = 1;
				GENERATE_INFOPLIST_FILE = YES;
				IPHONEOS_DEPLOYMENT_TARGET = 16.1;
				MARKETING_VERSION = 1.0;
				PRODUCT_BUNDLE_IDENTIFIER = "demo.SwiftUI-ToDo-ListTests";
				PRODUCT_NAME = "$(TARGET_NAME)";
				SWIFT_EMIT_LOC_STRINGS = NO;
				SWIFT_VERSION = 5.0;
				TARGETED_DEVICE_FAMILY = "1,2";
				TEST_HOST = "$(BUILT_PRODUCTS_DIR)/SwiftUI ToDo List.app/$(BUNDLE_EXECUTABLE_FOLDER_PATH)/SwiftUI ToDo List";
			};
			name = Release;
		};
		3F552A8C2A1FD974001DB3D3 /* Debug */ = {
			isa = XCBuildConfiguration;
			buildSettings = {
				ALWAYS_EMBED_SWIFT_STANDARD_LIBRARIES = YES;
				CODE_SIGN_STYLE = Automatic;
				CURRENT_PROJECT_VERSION = 1;
				GENERATE_INFOPLIST_FILE = YES;
				MARKETING_VERSION = 1.0;
				PRODUCT_BUNDLE_IDENTIFIER = "demo.SwiftUI-ToDo-ListUITests";
				PRODUCT_NAME = "$(TARGET_NAME)";
				SWIFT_EMIT_LOC_STRINGS = NO;
				SWIFT_VERSION = 5.0;
				TARGETED_DEVICE_FAMILY = "1,2";
				TEST_TARGET_NAME = "SwiftUI ToDo List";
			};
			name = Debug;
		};
		3F552A8D2A1FD974001DB3D3 /* Release */ = {
			isa = XCBuildConfiguration;
			buildSettings = {
				ALWAYS_EMBED_SWIFT_STANDARD_LIBRARIES = YES;
				CODE_SIGN_STYLE = Automatic;
				CURRENT_PROJECT_VERSION = 1;
				GENERATE_INFOPLIST_FILE = YES;
				MARKETING_VERSION = 1.0;
				PRODUCT_BUNDLE_IDENTIFIER = "demo.SwiftUI-ToDo-ListUITests";
				PRODUCT_NAME = "$(TARGET_NAME)";
				SWIFT_EMIT_LOC_STRINGS = NO;
				SWIFT_VERSION = 5.0;
				TARGETED_DEVICE_FAMILY = "1,2";
				TEST_TARGET_NAME = "SwiftUI ToDo List";
			};
			name = Release;
		};
/* End XCBuildConfiguration section */

/* Begin XCConfigurationList section */
		3F552A5C2A1FD972001DB3D3 /* Build configuration list for PBXProject "SwiftUI ToDo List" */ = {
			isa = XCConfigurationList;
			buildConfigurations = (
				3F552A832A1FD974001DB3D3 /* Debug */,
				3F552A842A1FD974001DB3D3 /* Release */,
			);
			defaultConfigurationIsVisible = 0;
			defaultConfigurationName = Release;
		};
		3F552A852A1FD974001DB3D3 /* Build configuration list for PBXNativeTarget "SwiftUI ToDo List" */ = {
			isa = XCConfigurationList;
			buildConfigurations = (
				3F552A862A1FD974001DB3D3 /* Debug */,
				3F552A872A1FD974001DB3D3 /* Release */,
			);
			defaultConfigurationIsVisible = 0;
			defaultConfigurationName = Release;
		};
		3F552A882A1FD974001DB3D3 /* Build configuration list for PBXNativeTarget "SwiftUI ToDo ListTests" */ = {
			isa = XCConfigurationList;
			buildConfigurations = (
				3F552A892A1FD974001DB3D3 /* Debug */,
				3F552A8A2A1FD974001DB3D3 /* Release */,
			);
			defaultConfigurationIsVisible = 0;
			defaultConfigurationName = Release;
		};
		3F552A8B2A1FD974001DB3D3 /* Build configuration list for PBXNativeTarget "SwiftUI ToDo ListUITests" */ = {
			isa = XCConfigurationList;
			buildConfigurations = (
				3F552A8C2A1FD974001DB3D3 /* Debug */,
				3F552A8D2A1FD974001DB3D3 /* Release */,
			);
			defaultConfigurationIsVisible = 0;
			defaultConfigurationName = Release;
		};
/* End XCConfigurationList section */

/* Begin XCRemoteSwiftPackageReference section */
		3F552A902A1FDBD3001DB3D3 /* XCRemoteSwiftPackageReference "firebase-ios-sdk" */ = {
			isa = XCRemoteSwiftPackageReference;
			repositoryURL = "https://github.com/firebase/firebase-ios-sdk";
			requirement = {
				kind = upToNextMajorVersion;
				minimumVersion = 9.0.0;
			};
		};
/* End XCRemoteSwiftPackageReference section */

/* Begin XCSwiftPackageProductDependency section */
		3F552A912A1FDBD3001DB3D3 /* FirebaseAuth */ = {
			isa = XCSwiftPackageProductDependency;
			package = 3F552A902A1FDBD3001DB3D3 /* XCRemoteSwiftPackageReference "firebase-ios-sdk" */;
			productName = FirebaseAuth;
		};
		3F552A932A1FDBD3001DB3D3 /* FirebaseFirestore */ = {
			isa = XCSwiftPackageProductDependency;
			package = 3F552A902A1FDBD3001DB3D3 /* XCRemoteSwiftPackageReference "firebase-ios-sdk" */;
			productName = FirebaseFirestore;
		};
		3F552A952A1FDBD3001DB3D3 /* FirebaseFirestoreSwift */ = {
			isa = XCSwiftPackageProductDependency;
			package = 3F552A902A1FDBD3001DB3D3 /* XCRemoteSwiftPackageReference "firebase-ios-sdk" */;
			productName = FirebaseFirestoreSwift;
		};
/* End XCSwiftPackageProductDependency section */
	};
	rootObject = 3F552A592A1FD972001DB3D3 /* Project object */;
}
